
Microsoft Visual Studio Solution File, Format Version 12.00
# Visual Studio 15
VisualStudioVersion = 15.0.27130.2020
MinimumVisualStudioVersion = 10.0.40219.1
Project("{E24C65DC-7377-472B-9ABA-BC803B73C61A}") = "CarCrazy", "CarCrazy\", "{3736DEAB-8E88-4E4F-8B98-819DE8CB1750}"
	ProjectSection(WebsiteProperties) = preProject
		TargetFrameworkMoniker = ".NETFramework,Version%3Dv4.6.1"
		Debug.AspNetCompiler.VirtualPath = "/localhost_49828"
		Debug.AspNetCompiler.PhysicalPath = "CarCrazy\"
		Debug.AspNetCompiler.TargetPath = "PrecompiledWeb\localhost_49828\"
		Debug.AspNetCompiler.Updateable = "true"
		Debug.AspNetCompiler.ForceOverwrite = "true"
		Debug.AspNetCompiler.FixedNames = "false"
		Debug.AspNetCompiler.Debug = "True"
		Release.AspNetCompiler.VirtualPath = "/localhost_49828"
		Release.AspNetCompiler.PhysicalPath = "CarCrazy\"
		Release.AspNetCompiler.TargetPath = "PrecompiledWeb\localhost_49828\"
		Release.AspNetCompiler.Updateable = "true"
		Release.AspNetCompiler.ForceOverwrite = "true"
		Release.AspNetCompiler.FixedNames = "false"
		Release.AspNetCompiler.Debug = "False"
		VWDPort = "49828"
		SlnRelativePath = "CarCrazy\"
		DefaultWebSiteLanguage = "Visual C#"
	EndProjectSection
EndProject
Global
	GlobalSection(SolutionConfigurationPlatforms) = preSolution
		Debug|Any CPU = Debug|Any CPU
	EndGlobalSection
	GlobalSection(ProjectConfigurationPlatforms) = postSolution
		{3736DEAB-8E88-4E4F-8B98-819DE8CB1750}.Debug|Any CPU.ActiveCfg = Debug|Any CPU
		{3736DEAB-8E88-4E4F-8B98-819DE8CB1750}.Debug|Any CPU.Build.0 = Debug|Any CPU
	EndGlobalSection
	GlobalSection(SolutionProperties) = preSolution
		HideSolutionNode = FALSE
	EndGlobalSection
	GlobalSection(ExtensibilityGlobals) = postSolution
		SolutionGuid = {C0DFFBDB-0CCF-43CE-84E7-BDEE59AB34D9}
	EndGlobalSection
EndGlobal
